{
  "version": 4,
  "terraform_version": "0.15.1",
  "serial": 304,
  "lineage": "38762727-287d-cdfc-9a77-9bff86150d43",
  "outputs": {},
  "resources": [
    {
      "mode": "managed",
      "type": "aws_instance",
      "name": "zeus",
      "provider": "provider[\"registry.terraform.io/hashicorp/aws\"]",
      "instances": [
        {
          "schema_version": 1,
          "attributes": {
            "ami": "ami-000e7ce4dd68e7a11",
            "arn": "arn:aws:ec2:us-east-2:258282884803:instance/i-099bc5fdf9f1df2d6",
            "associate_public_ip_address": true,
            "availability_zone": "us-east-2b",
            "cpu_core_count": 1,
            "cpu_threads_per_core": 1,
            "credit_specification": [
              {
                "cpu_credits": "standard"
              }
            ],
            "disable_api_termination": false,
            "ebs_block_device": [],
            "ebs_optimized": false,
            "enclave_options": [
              {
                "enabled": false
              }
            ],
            "ephemeral_block_device": [],
            "get_password_data": false,
            "hibernation": false,
            "host_id": null,
            "iam_instance_profile": "",
            "id": "i-099bc5fdf9f1df2d6",
            "instance_initiated_shutdown_behavior": "stop",
            "instance_state": "running",
            "instance_type": "t2.micro",
            "ipv6_address_count": 0,
            "ipv6_addresses": [],
            "key_name": "terraform-lab-centos",
            "metadata_options": [
              {
                "http_endpoint": "enabled",
                "http_put_response_hop_limit": 1,
                "http_tokens": "optional"
              }
            ],
            "monitoring": false,
            "network_interface": [],
            "outpost_arn": "",
            "password_data": "",
            "placement_group": "",
            "primary_network_interface_id": "eni-0b2b056a4cd76a5d7",
            "private_dns": "ip-172-31-23-17.us-east-2.compute.internal",
            "private_ip": "172.31.23.17",
            "public_dns": "ec2-3-140-194-103.us-east-2.compute.amazonaws.com",
            "public_ip": "3.140.194.103",
            "root_block_device": [
              {
                "delete_on_termination": true,
                "device_name": "/dev/sda1",
                "encrypted": false,
                "iops": 100,
                "kms_key_id": "",
                "tags": {},
                "throughput": 0,
                "volume_id": "vol-0086170a66e34ec99",
                "volume_size": 10,
                "volume_type": "gp2"
              }
            ],
            "secondary_private_ips": [],
            "security_groups": [
              "sg_web_centos"
            ],
            "source_dest_check": true,
            "subnet_id": "subnet-fc65fb86",
            "tags": {
              "Name": "terraform-ec2_centos"
            },
            "tags_all": {
              "Name": "terraform-ec2_centos"
            },
            "tenancy": "default",
            "timeouts": null,
            "user_data": null,
            "user_data_base64": null,
            "volume_tags": null,
            "vpc_security_group_ids": [
              "sg-0612808b1543e7c48"
            ]
          },
          "sensitive_attributes": [],
          "private": "eyJlMmJmYjczMC1lY2FhLTExZTYtOGY4OC0zNDM2M2JjN2M0YzAiOnsiY3JlYXRlIjo2MDAwMDAwMDAwMDAsImRlbGV0ZSI6MTIwMDAwMDAwMDAwMCwidXBkYXRlIjo2MDAwMDAwMDAwMDB9LCJzY2hlbWFfdmVyc2lvbiI6IjEifQ=="
        }
      ]
    },
    {
      "mode": "managed",
      "type": "aws_key_pair",
      "name": "deployer",
      "provider": "provider[\"registry.terraform.io/hashicorp/aws\"]",
      "instances": [
        {
          "schema_version": 1,
          "attributes": {
            "arn": "arn:aws:ec2:us-east-2:258282884803:key-pair/terraform-lab-centos",
            "fingerprint": "23:14:0e:11:d4:e2:56:25:0b:f5:90:19:c9:16:75:f5",
            "id": "terraform-lab-centos",
            "key_name": "terraform-lab-centos",
            "key_name_prefix": null,
            "key_pair_id": "key-01d610cadf8107fdb",
            "public_key": "ssh-rsa AAAAB3NzaC1yc2EAAAADAQABAAABgQDNcGGpk2HcCevyRDUn20j/3MPv25A1x/nkwdSIM8pr+R+ic6O3bKC8zbpXr0NEOhtWpW91xhI5LF03tInx5pamMeAyyJAgcSUfFOsThmBCGV4pM7l/Z4CBK/NV85rFueta/A/sJY5uU2FveVFvV3aImhIFZks7b/+9VgniIJMFXnsUwFkpMFSLcg9xgPjqLvUeJbrKAj5oWyWKTlwc1v+7WLt5IxpREDg+7Q05ezDGplPlEgfC96ZgBp9zy+7Hag8x//1c8dcAMAgJfj/kkCzm6Tcwvt5GqfwTQ9CaDKe4uV3D5lvdSqdt3V4hE6Lqv49b+GjZgQV+7b6fbmdhy3X8gmS1PbN6KV8ctDf7ry6O4rjcvY0tth7JxCNbxboEBytVSPEXGh1FRmHhJ53F9DJFMVOG7Bs8rO9my3aammow5AXAFKn9BdTHTk/rjzG/Di35/ZqpiIYu+l7z87IU6H7nbeSXBGZz9vG1s/wqKC/mwAtb9/cMq4rx8ArI9f7UE9M= root@NTBSTX0886",
            "tags": null,
            "tags_all": {}
          },
          "sensitive_attributes": [],
          "private": "eyJzY2hlbWFfdmVyc2lvbiI6IjEifQ=="
        }
      ]
    },
    {
      "mode": "managed",
      "type": "aws_security_group",
      "name": "busybox",
      "provider": "provider[\"registry.terraform.io/hashicorp/aws\"]",
      "instances": [
        {
          "schema_version": 1,
          "attributes": {
            "arn": "arn:aws:ec2:us-east-2:258282884803:security-group/sg-0612808b1543e7c48",
            "description": "Regras para liberar portas",
            "egress": [
              {
                "cidr_blocks": [
                  "0.0.0.0/0"
                ],
                "description": "",
                "from_port": 443,
                "ipv6_cidr_blocks": [],
                "prefix_list_ids": [],
                "protocol": "tcp",
                "security_groups": [],
                "self": false,
                "to_port": 443
              },
              {
                "cidr_blocks": [
                  "0.0.0.0/0"
                ],
                "description": "",
                "from_port": 80,
                "ipv6_cidr_blocks": [],
                "prefix_list_ids": [],
                "protocol": "tcp",
                "security_groups": [],
                "self": false,
                "to_port": 80
              }
            ],
            "id": "sg-0612808b1543e7c48",
            "ingress": [
              {
                "cidr_blocks": [
                  "0.0.0.0/0"
                ],
                "description": "",
                "from_port": 22,
                "ipv6_cidr_blocks": [],
                "prefix_list_ids": [],
                "protocol": "tcp",
                "security_groups": [],
                "self": false,
                "to_port": 22
              },
              {
                "cidr_blocks": [
                  "0.0.0.0/0"
                ],
                "description": "",
                "from_port": 443,
                "ipv6_cidr_blocks": [],
                "prefix_list_ids": [],
                "protocol": "tcp",
                "security_groups": [],
                "self": false,
                "to_port": 443
              },
              {
                "cidr_blocks": [
                  "0.0.0.0/0"
                ],
                "description": "",
                "from_port": 80,
                "ipv6_cidr_blocks": [],
                "prefix_list_ids": [],
                "protocol": "tcp",
                "security_groups": [],
                "self": false,
                "to_port": 80
              }
            ],
            "name": "sg_web_centos",
            "name_prefix": "",
            "owner_id": "258282884803",
            "revoke_rules_on_delete": false,
            "tags": {
              "Name": "sg_web_centos",
              "Provider": "terraform"
            },
            "tags_all": {
              "Name": "sg_web_centos",
              "Provider": "terraform"
            },
            "timeouts": null,
            "vpc_id": "vpc-c41a22ac"
          },
          "sensitive_attributes": [],
          "private": "eyJlMmJmYjczMC1lY2FhLTExZTYtOGY4OC0zNDM2M2JjN2M0YzAiOnsiY3JlYXRlIjo2MDAwMDAwMDAwMDAsImRlbGV0ZSI6OTAwMDAwMDAwMDAwfSwic2NoZW1hX3ZlcnNpb24iOiIxIn0="
        }
      ]
    },
    {
      "mode": "managed",
      "type": "local_file",
      "name": "AnsibleInventory",
      "provider": "provider[\"registry.terraform.io/hashicorp/local\"]",
      "instances": [
        {
          "schema_version": 0,
          "attributes": {
            "content": "[webserver]\n3.140.194.103 # terraform-ec2_centos\n\n[webserver:vars]\nansible_ssh_user=centos\nansible_ssh_private_key_file='/root/.ssh/id_rsa'\n",
            "content_base64": null,
            "directory_permission": "0777",
            "file_permission": "0777",
            "filename": "inventory",
            "id": "2553254b11a3b53339d619ad1e9b612cfcd5d656",
            "sensitive_content": null,
            "source": null
          },
          "sensitive_attributes": [],
          "private": "bnVsbA==",
          "dependencies": [
            "aws_instance.zeus"
          ]
        }
      ]
    }
  ]
}
